
Microsoft Visual Studio Solution File, Format Version 12.00
# Visual Studio Version 17
VisualStudioVersion = 17.6.33815.320
MinimumVisualStudioVersion = 10.0.40219.1
Project("{FAE04EC0-301F-11D3-BF4B-00C04F79EFBC}") = "News.Web.Mvc", "News.Web.Mvc\News.Web.Mvc.csproj", "{C7C1305D-41B7-49BE-BE07-AECCF963465E}"
EndProject
Global
	GlobalSection(SolutionConfigurationPlatforms) = preSolution
		Debug|Any CPU = Debug|Any CPU
		Release|Any CPU = Release|Any CPU
	EndGlobalSection
	GlobalSection(ProjectConfigurationPlatforms) = postSolution
		{C7C1305D-41B7-49BE-BE07-AECCF963465E}.Debug|Any CPU.ActiveCfg = Debug|Any CPU
		{C7C1305D-41B7-49BE-BE07-AECCF963465E}.Debug|Any CPU.Build.0 = Debug|Any CPU
		{C7C1305D-41B7-49BE-BE07-AECCF963465E}.Release|Any CPU.ActiveCfg = Release|Any CPU
		{C7C1305D-41B7-49BE-BE07-AECCF963465E}.Release|Any CPU.Build.0 = Release|Any CPU
	EndGlobalSection
	GlobalSection(SolutionProperties) = preSolution
		HideSolutionNode = FALSE
	EndGlobalSection
	GlobalSection(ExtensibilityGlobals) = postSolution
		SolutionGuid = {1E550EF6-8E8B-4182-B471-8F8545261A45}
	EndGlobalSection
EndGlobal
